
Microsoft Visual Studio Solution File, Format Version 12.00
# Visual Studio Version 16
VisualStudioVersion = 16.0.30503.244
MinimumVisualStudioVersion = 10.0.40219.1
Project("{FAE04EC0-301F-11D3-BF4B-00C04F79EFBC}") = "APIRoulette", "APIRoulette\APIRoulette.csproj", "{DBC0F40F-5B54-4093-B1F2-3530E35864D6}"
EndProject
Project("{2150E333-8FDC-42A3-9474-1A3956D46DE8}") = "1.API", "1.API", "{D9506297-EF86-4D91-87A3-5B87515981A0}"
EndProject
Project("{2150E333-8FDC-42A3-9474-1A3956D46DE8}") = "2.Bussiness", "2.Bussiness", "{C17D1B76-CC09-4A0C-8C1C-31DCCFE76924}"
EndProject
Project("{2150E333-8FDC-42A3-9474-1A3956D46DE8}") = "3.Data", "3.Data", "{E6F75ED4-B4B9-422E-AD20-AA198389D1DD}"
EndProject
Project("{2150E333-8FDC-42A3-9474-1A3956D46DE8}") = "4.Models", "4.Models", "{6B30A98E-18DC-442C-83E1-6283D7663802}"
EndProject
Project("{2150E333-8FDC-42A3-9474-1A3956D46DE8}") = "5.UnitOfWork", "5.UnitOfWork", "{C3939DB4-0BFE-4C70-8AA4-C094D8B247BE}"
EndProject
Project("{2150E333-8FDC-42A3-9474-1A3956D46DE8}") = "6.Utilities", "6.Utilities", "{C9358954-FE35-4062-AE32-07311BE06785}"
EndProject
Project("{FAE04EC0-301F-11D3-BF4B-00C04F79EFBC}") = "BussinessLayer", "BussinessLayer\BussinessLayer.csproj", "{B97CB019-6250-4E82-A56A-5557E881D3B4}"
EndProject
Project("{FAE04EC0-301F-11D3-BF4B-00C04F79EFBC}") = "DataLayer", "DataLayer\DataLayer.csproj", "{DB15BAD2-12D8-48EA-9061-05B763B39B66}"
EndProject
Project("{FAE04EC0-301F-11D3-BF4B-00C04F79EFBC}") = "Models", "Models\Models.csproj", "{580F5706-2186-4703-A38C-67BADCDB38DA}"
EndProject
Project("{FAE04EC0-301F-11D3-BF4B-00C04F79EFBC}") = "UnitOfWork.Interfaces", "UnitOfWork.Interfaces\UnitOfWork.Interfaces.csproj", "{604D1DA4-9F8D-48D6-A432-E9D0541959EF}"
EndProject
Project("{FAE04EC0-301F-11D3-BF4B-00C04F79EFBC}") = "UnitOfWork.SqlServer", "UnitOfWork.SqlServer\UnitOfWork.SqlServer.csproj", "{4A48F092-60ED-401F-9B64-3A9E68669115}"
EndProject
Project("{FAE04EC0-301F-11D3-BF4B-00C04F79EFBC}") = "Utilities", "Utilities\Utilities.csproj", "{18A72A52-20E2-41BF-88EF-79D7D835B7FB}"
EndProject
Global
	GlobalSection(SolutionConfigurationPlatforms) = preSolution
		Debug|Any CPU = Debug|Any CPU
		Release|Any CPU = Release|Any CPU
	EndGlobalSection
	GlobalSection(ProjectConfigurationPlatforms) = postSolution
		{DBC0F40F-5B54-4093-B1F2-3530E35864D6}.Debug|Any CPU.ActiveCfg = Debug|Any CPU
		{DBC0F40F-5B54-4093-B1F2-3530E35864D6}.Debug|Any CPU.Build.0 = Debug|Any CPU
		{DBC0F40F-5B54-4093-B1F2-3530E35864D6}.Release|Any CPU.ActiveCfg = Release|Any CPU
		{DBC0F40F-5B54-4093-B1F2-3530E35864D6}.Release|Any CPU.Build.0 = Release|Any CPU
		{B97CB019-6250-4E82-A56A-5557E881D3B4}.Debug|Any CPU.ActiveCfg = Debug|Any CPU
		{B97CB019-6250-4E82-A56A-5557E881D3B4}.Debug|Any CPU.Build.0 = Debug|Any CPU
		{B97CB019-6250-4E82-A56A-5557E881D3B4}.Release|Any CPU.ActiveCfg = Release|Any CPU
		{B97CB019-6250-4E82-A56A-5557E881D3B4}.Release|Any CPU.Build.0 = Release|Any CPU
		{DB15BAD2-12D8-48EA-9061-05B763B39B66}.Debug|Any CPU.ActiveCfg = Debug|Any CPU
		{DB15BAD2-12D8-48EA-9061-05B763B39B66}.Debug|Any CPU.Build.0 = Debug|Any CPU
		{DB15BAD2-12D8-48EA-9061-05B763B39B66}.Release|Any CPU.ActiveCfg = Release|Any CPU
		{DB15BAD2-12D8-48EA-9061-05B763B39B66}.Release|Any CPU.Build.0 = Release|Any CPU
		{580F5706-2186-4703-A38C-67BADCDB38DA}.Debug|Any CPU.ActiveCfg = Debug|Any CPU
		{580F5706-2186-4703-A38C-67BADCDB38DA}.Debug|Any CPU.Build.0 = Debug|Any CPU
		{580F5706-2186-4703-A38C-67BADCDB38DA}.Release|Any CPU.ActiveCfg = Release|Any CPU
		{580F5706-2186-4703-A38C-67BADCDB38DA}.Release|Any CPU.Build.0 = Release|Any CPU
		{604D1DA4-9F8D-48D6-A432-E9D0541959EF}.Debug|Any CPU.ActiveCfg = Debug|Any CPU
		{604D1DA4-9F8D-48D6-A432-E9D0541959EF}.Debug|Any CPU.Build.0 = Debug|Any CPU
		{604D1DA4-9F8D-48D6-A432-E9D0541959EF}.Release|Any CPU.ActiveCfg = Release|Any CPU
		{604D1DA4-9F8D-48D6-A432-E9D0541959EF}.Release|Any CPU.Build.0 = Release|Any CPU
		{4A48F092-60ED-401F-9B64-3A9E68669115}.Debug|Any CPU.ActiveCfg = Debug|Any CPU
		{4A48F092-60ED-401F-9B64-3A9E68669115}.Debug|Any CPU.Build.0 = Debug|Any CPU
		{4A48F092-60ED-401F-9B64-3A9E68669115}.Release|Any CPU.ActiveCfg = Release|Any CPU
		{4A48F092-60ED-401F-9B64-3A9E68669115}.Release|Any CPU.Build.0 = Release|Any CPU
		{18A72A52-20E2-41BF-88EF-79D7D835B7FB}.Debug|Any CPU.ActiveCfg = Debug|Any CPU
		{18A72A52-20E2-41BF-88EF-79D7D835B7FB}.Debug|Any CPU.Build.0 = Debug|Any CPU
		{18A72A52-20E2-41BF-88EF-79D7D835B7FB}.Release|Any CPU.ActiveCfg = Release|Any CPU
		{18A72A52-20E2-41BF-88EF-79D7D835B7FB}.Release|Any CPU.Build.0 = Release|Any CPU
	EndGlobalSection
	GlobalSection(SolutionProperties) = preSolution
		HideSolutionNode = FALSE
	EndGlobalSection
	GlobalSection(NestedProjects) = preSolution
		{DBC0F40F-5B54-4093-B1F2-3530E35864D6} = {D9506297-EF86-4D91-87A3-5B87515981A0}
		{B97CB019-6250-4E82-A56A-5557E881D3B4} = {C17D1B76-CC09-4A0C-8C1C-31DCCFE76924}
		{DB15BAD2-12D8-48EA-9061-05B763B39B66} = {E6F75ED4-B4B9-422E-AD20-AA198389D1DD}
		{580F5706-2186-4703-A38C-67BADCDB38DA} = {6B30A98E-18DC-442C-83E1-6283D7663802}
		{604D1DA4-9F8D-48D6-A432-E9D0541959EF} = {C3939DB4-0BFE-4C70-8AA4-C094D8B247BE}
		{4A48F092-60ED-401F-9B64-3A9E68669115} = {C3939DB4-0BFE-4C70-8AA4-C094D8B247BE}
		{18A72A52-20E2-41BF-88EF-79D7D835B7FB} = {C9358954-FE35-4062-AE32-07311BE06785}
	EndGlobalSection
	GlobalSection(ExtensibilityGlobals) = postSolution
		SolutionGuid = {EE2F7A7F-ECA8-454A-B255-1B28A177401E}
	EndGlobalSection
EndGlobal
